
Microsoft Visual Studio Solution File, Format Version 12.00
# Visual Studio Version 16
VisualStudioVersion = 16.0.30907.101
MinimumVisualStudioVersion = 10.0.40219.1
Project("{FAE04EC0-301F-11D3-BF4B-00C04F79EFBC}") = "CT.Data", "CT.Data\CT.Data.csproj", "{6E755192-2817-4EE0-BFF4-EA5BCB123B23}"
EndProject
Project("{FAE04EC0-301F-11D3-BF4B-00C04F79EFBC}") = "CT.Repo", "CT.Repo\CT.Repo.csproj", "{310712A6-9C7B-4236-891A-D5AD99F33B76}"
EndProject
Project("{FAE04EC0-301F-11D3-BF4B-00C04F79EFBC}") = "CT.Services", "CT.Service\CT.Services.csproj", "{5B34F1B8-73E2-40A5-8F33-E3423700BE76}"
EndProject
Project("{FAE04EC0-301F-11D3-BF4B-00C04F79EFBC}") = "CT.Web", "CT.Web\CT.Web.csproj", "{10C9ED59-3517-4F10-8FE1-FB4945AA1B67}"
EndProject
Global
	GlobalSection(SolutionConfigurationPlatforms) = preSolution
		Debug|Any CPU = Debug|Any CPU
		Release|Any CPU = Release|Any CPU
	EndGlobalSection
	GlobalSection(ProjectConfigurationPlatforms) = postSolution
		{6E755192-2817-4EE0-BFF4-EA5BCB123B23}.Debug|Any CPU.ActiveCfg = Debug|Any CPU
		{6E755192-2817-4EE0-BFF4-EA5BCB123B23}.Debug|Any CPU.Build.0 = Debug|Any CPU
		{6E755192-2817-4EE0-BFF4-EA5BCB123B23}.Release|Any CPU.ActiveCfg = Release|Any CPU
		{6E755192-2817-4EE0-BFF4-EA5BCB123B23}.Release|Any CPU.Build.0 = Release|Any CPU
		{310712A6-9C7B-4236-891A-D5AD99F33B76}.Debug|Any CPU.ActiveCfg = Debug|Any CPU
		{310712A6-9C7B-4236-891A-D5AD99F33B76}.Debug|Any CPU.Build.0 = Debug|Any CPU
		{310712A6-9C7B-4236-891A-D5AD99F33B76}.Release|Any CPU.ActiveCfg = Release|Any CPU
		{310712A6-9C7B-4236-891A-D5AD99F33B76}.Release|Any CPU.Build.0 = Release|Any CPU
		{5B34F1B8-73E2-40A5-8F33-E3423700BE76}.Debug|Any CPU.ActiveCfg = Debug|Any CPU
		{5B34F1B8-73E2-40A5-8F33-E3423700BE76}.Debug|Any CPU.Build.0 = Debug|Any CPU
		{5B34F1B8-73E2-40A5-8F33-E3423700BE76}.Release|Any CPU.ActiveCfg = Release|Any CPU
		{5B34F1B8-73E2-40A5-8F33-E3423700BE76}.Release|Any CPU.Build.0 = Release|Any CPU
		{10C9ED59-3517-4F10-8FE1-FB4945AA1B67}.Debug|Any CPU.ActiveCfg = Debug|Any CPU
		{10C9ED59-3517-4F10-8FE1-FB4945AA1B67}.Debug|Any CPU.Build.0 = Debug|Any CPU
		{10C9ED59-3517-4F10-8FE1-FB4945AA1B67}.Release|Any CPU.ActiveCfg = Release|Any CPU
		{10C9ED59-3517-4F10-8FE1-FB4945AA1B67}.Release|Any CPU.Build.0 = Release|Any CPU
	EndGlobalSection
	GlobalSection(SolutionProperties) = preSolution
		HideSolutionNode = FALSE
	EndGlobalSection
	GlobalSection(ExtensibilityGlobals) = postSolution
		SolutionGuid = {20BA6314-A366-4FDA-84A7-8AB728EC254C}
	EndGlobalSection
EndGlobal
